// !$*UTF8*$!
{
	archiveVersion = 1;
	classes = {
	};
	objectVersion = 46;
	objects = {

/* Begin PBXBuildFile section */
		84A377FC1ABD963F00A94CF0 /* main.m in Sources */ = {isa = PBXBuildFile; fileRef = 84A377FB1ABD963F00A94CF0 /* main.m */; };
		84A377FF1ABD963F00A94CF0 /* AppDelegate.m in Sources */ = {isa = PBXBuildFile; fileRef = 84A377FE1ABD963F00A94CF0 /* AppDelegate.m */; };
		84A378021ABD963F00A94CF0 /* ViewController.m in Sources */ = {isa = PBXBuildFile; fileRef = 84A378011ABD963F00A94CF0 /* ViewController.m */; };
		84A378051ABD963F00A94CF0 /* Main.storyboard in Resources */ = {isa = PBXBuildFile; fileRef = 84A378031ABD963F00A94CF0 /* Main.storyboard */; };
		84A378071ABD963F00A94CF0 /* Images.xcassets in Resources */ = {isa = PBXBuildFile; fileRef = 84A378061ABD963F00A94CF0 /* Images.xcassets */; };
		84A3780A1ABD963F00A94CF0 /* LaunchScreen.xib in Resources */ = {isa = PBXBuildFile; fileRef = 84A378081ABD963F00A94CF0 /* LaunchScreen.xib */; };
		84A378161ABD963F00A94CF0 /* Xcode_calculatorTests.m in Sources */ = {isa = PBXBuildFile; fileRef = 84A378151ABD963F00A94CF0 /* Xcode_calculatorTests.m */; };
/* End PBXBuildFile section */

/* Begin PBXContainerItemProxy section */
		84A378101ABD963F00A94CF0 /* PBXContainerItemProxy */ = {
			isa = PBXContainerItemProxy;
			containerPortal = 84A377EE1ABD963E00A94CF0 /* Project object */;
			proxyType = 1;
			remoteGlobalIDString = 84A377F51ABD963E00A94CF0;
			remoteInfo = "Xcode calculator";
		};
/* End PBXContainerItemProxy section */

/* Begin PBXFileReference section */
		84A377F61ABD963E00A94CF0 /* Xcode calculator.app */ = {isa = PBXFileReference; explicitFileType = wrapper.application; includeInIndex = 0; path = "Xcode calculator.app"; sourceTree = BUILT_PRODUCTS_DIR; };
		84A377FA1ABD963F00A94CF0 /* Info.plist */ = {isa = PBXFileReference; lastKnownFileType = text.plist.xml; path = Info.plist; sourceTree = "<group>"; };
		84A377FB1ABD963F00A94CF0 /* main.m */ = {isa = PBXFileReference; lastKnownFileType = sourcecode.c.objc; path = main.m; sourceTree = "<group>"; };
		84A377FD1ABD963F00A94CF0 /* AppDelegate.h */ = {isa = PBXFileReference; lastKnownFileType = sourcecode.c.h; path = AppDelegate.h; sourceTree = "<group>"; };
		84A377FE1ABD963F00A94CF0 /* AppDelegate.m */ = {isa = PBXFileReference; lastKnownFileType = sourcecode.c.objc; path = AppDelegate.m; sourceTree = "<group>"; };
		84A378001ABD963F00A94CF0 /* ViewController.h */ = {isa = PBXFileReference; lastKnownFileType = sourcecode.c.h; path = ViewController.h; sourceTree = "<group>"; };
		84A378011ABD963F00A94CF0 /* ViewController.m */ = {isa = PBXFileReference; lastKnownFileType = sourcecode.c.objc; path = ViewController.m; sourceTree = "<group>"; };
		84A378041ABD963F00A94CF0 /* Base */ = {isa = PBXFileReference; lastKnownFileType = file.storyboard; name = Base; path = Base.lproj/Main.storyboard; sourceTree = "<group>"; };
		84A378061ABD963F00A94CF0 /* Images.xcassets */ = {isa = PBXFileReference; lastKnownFileType = folder.assetcatalog; path = Images.xcassets; sourceTree = "<group>"; };
		84A378091ABD963F00A94CF0 /* Base */ = {isa = PBXFileReference; lastKnownFileType = file.xib; name = Base; path = Base.lproj/LaunchScreen.xib; sourceTree = "<group>"; };
		84A3780F1ABD963F00A94CF0 /* Xcode calculatorTests.xctest */ = {isa = PBXFileReference; explicitFileType = wrapper.cfbundle; includeInIndex = 0; path = "Xcode calculatorTests.xctest"; sourceTree = BUILT_PRODUCTS_DIR; };
		84A378141ABD963F00A94CF0 /* Info.plist */ = {isa = PBXFileReference; lastKnownFileType = text.plist.xml; path = Info.plist; sourceTree = "<group>"; };
		84A378151ABD963F00A94CF0 /* Xcode_calculatorTests.m */ = {isa = PBXFileReference; lastKnownFileType = sourcecode.c.objc; path = Xcode_calculatorTests.m; sourceTree = "<group>"; };
/* End PBXFileReference section */

/* Begin PBXFrameworksBuildPhase section */
		84A377F31ABD963E00A94CF0 /* Frameworks */ = {
			isa = PBXFrameworksBuildPhase;
			buildActionMask = 2147483647;
			files = (
			);
			runOnlyForDeploymentPostprocessing = 0;
		};
		84A3780C1ABD963F00A94CF0 /* Frameworks */ = {
			isa = PBXFrameworksBuildPhase;
			buildActionMask = 2147483647;
			files = (
			);
			runOnlyForDeploymentPostprocessing = 0;
		};
/* End PBXFrameworksBuildPhase section */

/* Begin PBXGroup section */
		84A377ED1ABD963E00A94CF0 = {
			isa = PBXGroup;
			children = (
				84A377F81ABD963E00A94CF0 /* Xcode calculator */,
				84A378121ABD963F00A94CF0 /* Xcode calculatorTests */,
				84A377F71ABD963E00A94CF0 /* Products */,
			);
			sourceTree = "<group>";
		};
		84A377F71ABD963E00A94CF0 /* Products */ = {
			isa = PBXGroup;
			children = (
				84A377F61ABD963E00A94CF0 /* Xcode calculator.app */,
				84A3780F1ABD963F00A94CF0 /* Xcode calculatorTests.xctest */,
			);
			name = Products;
			sourceTree = "<group>";
		};
		84A377F81ABD963E00A94CF0 /* Xcode calculator */ = {
			isa = PBXGroup;
			children = (
				84A377FD1ABD963F00A94CF0 /* AppDelegate.h */,
				84A377FE1ABD963F00A94CF0 /* AppDelegate.m */,
				84A378001ABD963F00A94CF0 /* ViewController.h */,
				84A378011ABD963F00A94CF0 /* ViewController.m */,
				84A378031ABD963F00A94CF0 /* Main.storyboard */,
				84A378061ABD963F00A94CF0 /* Images.xcassets */,
				84A378081ABD963F00A94CF0 /* LaunchScreen.xib */,
				84A377F91ABD963E00A94CF0 /* Supporting Files */,
			);
			path = "Xcode calculator";
			sourceTree = "<group>";
		};
		84A377F91ABD963E00A94CF0 /* Supporting Files */ = {
			isa = PBXGroup;
			children = (
				84A377FA1ABD963F00A94CF0 /* Info.plist */,
				84A377FB1ABD963F00A94CF0 /* main.m */,
			);
			name = "Supporting Files";
			sourceTree = "<group>";
		};
		84A378121ABD963F00A94CF0 /* Xcode calculatorTests */ = {
			isa = PBXGroup;
			children = (
				84A378151ABD963F00A94CF0 /* Xcode_calculatorTests.m */,
				84A378131ABD963F00A94CF0 /* Supporting Files */,
			);
			path = "Xcode calculatorTests";
			sourceTree = "<group>";
		};
		84A378131ABD963F00A94CF0 /* Supporting Files */ = {
			isa = PBXGroup;
			children = (
				84A378141ABD963F00A94CF0 /* Info.plist */,
			);
			name = "Supporting Files";
			sourceTree = "<group>";
		};
/* End PBXGroup section */

/* Begin PBXNativeTarget section */
		84A377F51ABD963E00A94CF0 /* Xcode calculator */ = {
			isa = PBXNativeTarget;
			buildConfigurationList = 84A378191ABD963F00A94CF0 /* Build configuration list for PBXNativeTarget "Xcode calculator" */;
			buildPhases = (
				84A377F21ABD963E00A94CF0 /* Sources */,
				84A377F31ABD963E00A94CF0 /* Frameworks */,
				84A377F41ABD963E00A94CF0 /* Resources */,
			);
			buildRules = (
			);
			dependencies = (
			);
			name = "Xcode calculator";
			productName = "Xcode calculator";
			productReference = 84A377F61ABD963E00A94CF0 /* Xcode calculator.app */;
			productType = "com.apple.product-type.application";
		};
		84A3780E1ABD963F00A94CF0 /* Xcode calculatorTests */ = {
			isa = PBXNativeTarget;
			buildConfigurationList = 84A3781C1ABD963F00A94CF0 /* Build configuration list for PBXNativeTarget "Xcode calculatorTests" */;
			buildPhases = (
				84A3780B1ABD963F00A94CF0 /* Sources */,
				84A3780C1ABD963F00A94CF0 /* Frameworks */,
				84A3780D1ABD963F00A94CF0 /* Resources */,
			);
			buildRules = (
			);
			dependencies = (
				84A378111ABD963F00A94CF0 /* PBXTargetDependency */,
			);
			name = "Xcode calculatorTests";
			productName = "Xcode calculatorTests";
			productReference = 84A3780F1ABD963F00A94CF0 /* Xcode calculatorTests.xctest */;
			productType = "com.apple.product-type.bundle.unit-test";
		};
/* End PBXNativeTarget section */

/* Begin PBXProject section */
		84A377EE1ABD963E00A94CF0 /* Project object */ = {
			isa = PBXProject;
			attributes = {
				LastUpgradeCheck = 0610;
				ORGANIZATIONNAME = Admin;
				TargetAttributes = {
					84A377F51ABD963E00A94CF0 = {
						CreatedOnToolsVersion = 6.1.1;
					};
					84A3780E1ABD963F00A94CF0 = {
						CreatedOnToolsVersion = 6.1.1;
						TestTargetID = 84A377F51ABD963E00A94CF0;
					};
				};
			};
			buildConfigurationList = 84A377F11ABD963E00A94CF0 /* Build configuration list for PBXProject "Xcode calculator" */;
			compatibilityVersion = "Xcode 3.2";
			developmentRegion = English;
			hasScannedForEncodings = 0;
			knownRegions = (
				en,
				Base,
			);
			mainGroup = 84A377ED1ABD963E00A94CF0;
			productRefGroup = 84A377F71ABD963E00A94CF0 /* Products */;
			projectDirPath = "";
			projectRoot = "";
			targets = (
				84A377F51ABD963E00A94CF0 /* Xcode calculator */,
				84A3780E1ABD963F00A94CF0 /* Xcode calculatorTests */,
			);
		};
/* End PBXProject section */

/* Begin PBXResourcesBuildPhase section */
		84A377F41ABD963E00A94CF0 /* Resources */ = {
			isa = PBXResourcesBuildPhase;
			buildActionMask = 2147483647;
			files = (
				84A378051ABD963F00A94CF0 /* Main.storyboard in Resources */,
				84A3780A1ABD963F00A94CF0 /* LaunchScreen.xib in Resources */,
				84A378071ABD963F00A94CF0 /* Images.xcassets in Resources */,
			);
			runOnlyForDeploymentPostprocessing = 0;
		};
		84A3780D1ABD963F00A94CF0 /* Resources */ = {
			isa = PBXResourcesBuildPhase;
			buildActionMask = 2147483647;
			files = (
			);
			runOnlyForDeploymentPostprocessing = 0;
		};
/* End PBXResourcesBuildPhase section */

/* Begin PBXSourcesBuildPhase section */
		84A377F21ABD963E00A94CF0 /* Sources */ = {
			isa = PBXSourcesBuildPhase;
			buildActionMask = 2147483647;
			files = (
				84A378021ABD963F00A94CF0 /* ViewController.m in Sources */,
				84A377FF1ABD963F00A94CF0 /* AppDelegate.m in Sources */,
				84A377FC1ABD963F00A94CF0 /* main.m in Sources */,
			);
			runOnlyForDeploymentPostprocessing = 0;
		};
		84A3780B1ABD963F00A94CF0 /* Sources */ = {
			isa = PBXSourcesBuildPhase;
			buildActionMask = 2147483647;
			files = (
				84A378161ABD963F00A94CF0 /* Xcode_calculatorTests.m in Sources */,
			);
			runOnlyForDeploymentPostprocessing = 0;
		};
/* End PBXSourcesBuildPhase section */

/* Begin PBXTargetDependency section */
		84A378111ABD963F00A94CF0 /* PBXTargetDependency */ = {
			isa = PBXTargetDependency;
			target = 84A377F51ABD963E00A94CF0 /* Xcode calculator */;
			targetProxy = 84A378101ABD963F00A94CF0 /* PBXContainerItemProxy */;
		};
/* End PBXTargetDependency section */

/* Begin PBXVariantGroup section */
		84A378031ABD963F00A94CF0 /* Main.storyboard */ = {
			isa = PBXVariantGroup;
			children = (
				84A378041ABD963F00A94CF0 /* Base */,
			);
			name = Main.storyboard;
			sourceTree = "<group>";
		};
		84A378081ABD963F00A94CF0 /* LaunchScreen.xib */ = {
			isa = PBXVariantGroup;
			children = (
				84A378091ABD963F00A94CF0 /* Base */,
			);
			name = LaunchScreen.xib;
			sourceTree = "<group>";
		};
/* End PBXVariantGroup section */

/* Begin XCBuildConfiguration section */
		84A378171ABD963F00A94CF0 /* Debug */ = {
			isa = XCBuildConfiguration;
			buildSettings = {
				ALWAYS_SEARCH_USER_PATHS = NO;
				CLANG_CXX_LANGUAGE_STANDARD = "gnu++0x";
				CLANG_CXX_LIBRARY = "libc++";
				CLANG_ENABLE_MODULES = YES;
				CLANG_ENABLE_OBJC_ARC = YES;
				CLANG_WARN_BOOL_CONVERSION = YES;
				CLANG_WARN_CONSTANT_CONVERSION = YES;
				CLANG_WARN_DIRECT_OBJC_ISA_USAGE = YES_ERROR;
				CLANG_WARN_EMPTY_BODY = YES;
				CLANG_WARN_ENUM_CONVERSION = YES;
				CLANG_WARN_INT_CONVERSION = YES;
				CLANG_WARN_OBJC_ROOT_CLASS = YES_ERROR;
				CLANG_WARN_UNREACHABLE_CODE = YES;
				CLANG_WARN__DUPLICATE_METHOD_MATCH = YES;
				"CODE_SIGN_IDENTITY[sdk=iphoneos*]" = "iPhone Developer";
				COPY_PHASE_STRIP = NO;
				ENABLE_STRICT_OBJC_MSGSEND = YES;
				GCC_C_LANGUAGE_STANDARD = gnu99;
				GCC_DYNAMIC_NO_PIC = NO;
				GCC_OPTIMIZATION_LEVEL = 0;
				GCC_PREPROCESSOR_DEFINITIONS = (
					"DEBUG=1",
					"$(inherited)",
				);
				GCC_SYMBOLS_PRIVATE_EXTERN = NO;
				GCC_WARN_64_TO_32_BIT_CONVERSION = YES;
				GCC_WARN_ABOUT_RETURN_TYPE = YES_ERROR;
				GCC_WARN_UNDECLARED_SELECTOR = YES;
				GCC_WARN_UNINITIALIZED_AUTOS = YES_AGGRESSIVE;
				GCC_WARN_UNUSED_FUNCTION = YES;
				GCC_WARN_UNUSED_VARIABLE = YES;
				IPHONEOS_DEPLOYMENT_TARGET = 8.1;
				MTL_ENABLE_DEBUG_INFO = YES;
				ONLY_ACTIVE_ARCH = YES;
				SDKROOT = iphoneos;
			};
			name = Debug;
		};
		84A378181ABD963F00A94CF0 /* Release */ = {
			isa = XCBuildConfiguration;
			buildSettings = {
				ALWAYS_SEARCH_USER_PATHS = NO;
				CLANG_CXX_LANGUAGE_STANDARD = "gnu++0x";
				CLANG_CXX_LIBRARY = "libc++";
				CLANG_ENABLE_MODULES = YES;
				CLANG_ENABLE_OBJC_ARC = YES;
				CLANG_WARN_BOOL_CONVERSION = YES;
				CLANG_WARN_CONSTANT_CONVERSION = YES;
				CLANG_WARN_DIRECT_OBJC_ISA_USAGE = YES_ERROR;
				CLANG_WARN_EMPTY_BODY = YES;
				CLANG_WARN_ENUM_CONVERSION = YES;
				CLANG_WARN_INT_CONVERSION = YES;
				CLANG_WARN_OBJC_ROOT_CLASS = YES_ERROR;
				CLANG_WARN_UNREACHABLE_CODE = YES;
				CLANG_WARN__DUPLICATE_METHOD_MATCH = YES;
				"CODE_SIGN_IDENTITY[sdk=iphoneos*]" = "iPhone Developer";
				COPY_PHASE_STRIP = YES;
				ENABLE_NS_ASSERTIONS = NO;
				ENABLE_STRICT_OBJC_MSGSEND = YES;
				GCC_C_LANGUAGE_STANDARD = gnu99;
				GCC_WARN_64_TO_32_BIT_CONVERSION = YES;
				GCC_WARN_ABOUT_RETURN_TYPE = YES_ERROR;
				GCC_WARN_UNDECLARED_SELECTOR = YES;
				GCC_WARN_UNINITIALIZED_AUTOS = YES_AGGRESSIVE;
				GCC_WARN_UNUSED_FUNCTION = YES;
				GCC_WARN_UNUSED_VARIABLE = YES;
				IPHONEOS_DEPLOYMENT_TARGET = 8.1;
				MTL_ENABLE_DEBUG_INFO = NO;
				SDKROOT = iphoneos;
				VALIDATE_PRODUCT = YES;
			};
			name = Release;
		};
		84A3781A1ABD963F00A94CF0 /* Debug */ = {
			isa = XCBuildConfiguration;
			buildSettings = {
				ASSETCATALOG_COMPILER_APPICON_NAME = AppIcon;
				INFOPLIST_FILE = "Xcode calculator/Info.plist";
				LD_RUNPATH_SEARCH_PATHS = "$(inherited) @executable_path/Frameworks";
				PRODUCT_NAME = "$(TARGET_NAME)";
			};
			name = Debug;
		};
		84A3781B1ABD963F00A94CF0 /* Release */ = {
			isa = XCBuildConfiguration;
			buildSettings = {
				ASSETCATALOG_COMPILER_APPICON_NAME = AppIcon;
				INFOPLIST_FILE = "Xcode calculator/Info.plist";
				LD_RUNPATH_SEARCH_PATHS = "$(inherited) @executable_path/Frameworks";
				PRODUCT_NAME = "$(TARGET_NAME)";
			};
			name = Release;
		};
		84A3781D1ABD963F00A94CF0 /* Debug */ = {
			isa = XCBuildConfiguration;
			buildSettings = {
				BUNDLE_LOADER = "$(TEST_HOST)";
				FRAMEWORK_SEARCH_PATHS = (
					"$(SDKROOT)/Developer/Library/Frameworks",
					"$(inherited)",
				);
				GCC_PREPROCESSOR_DEFINITIONS = (
					"DEBUG=1",
					"$(inherited)",
				);
				INFOPLIST_FILE = "Xcode calculatorTests/Info.plist";
				LD_RUNPATH_SEARCH_PATHS = "$(inherited) @executable_path/Frameworks @loader_path/Frameworks";
				PRODUCT_NAME = "$(TARGET_NAME)";
				TEST_HOST = "$(BUILT_PRODUCTS_DIR)/Xcode calculator.app/Xcode calculator";
			};
			name = Debug;
		};
		84A3781E1ABD963F00A94CF0 /* Release */ = {
			isa = XCBuildConfiguration;
			buildSettings = {
				BUNDLE_LOADER = "$(TEST_HOST)";
				FRAMEWORK_SEARCH_PATHS = (
					"$(SDKROOT)/Developer/Library/Frameworks",
					"$(inherited)",
				);
				INFOPLIST_FILE = "Xcode calculatorTests/Info.plist";
				LD_RUNPATH_SEARCH_PATHS = "$(inherited) @executable_path/Frameworks @loader_path/Frameworks";
				PRODUCT_NAME = "$(TARGET_NAME)";
				TEST_HOST = "$(BUILT_PRODUCTS_DIR)/Xcode calculator.app/Xcode calculator";
			};
			name = Release;
		};
/* End XCBuildConfiguration section */

/* Begin XCConfigurationList section */
		84A377F11ABD963E00A94CF0 /* Build configuration list for PBXProject "Xcode calculator" */ = {
			isa = XCConfigurationList;
			buildConfigurations = (
				84A378171ABD963F00A94CF0 /* Debug */,
				84A378181ABD963F00A94CF0 /* Release */,
			);
			defaultConfigurationIsVisible = 0;
			defaultConfigurationName = Release;
		};
		84A378191ABD963F00A94CF0 /* Build configuration list for PBXNativeTarget "Xcode calculator" */ = {
			isa = XCConfigurationList;
			buildConfigurations = (
				84A3781A1ABD963F00A94CF0 /* Debug */,
				84A3781B1ABD963F00A94CF0 /* Release */,
			);
			defaultConfigurationIsVisible = 0;
		};
		84A3781C1ABD963F00A94CF0 /* Build configuration list for PBXNativeTarget "Xcode calculatorTests" */ = {
			isa = XCConfigurationList;
			buildConfigurations = (
				84A3781D1ABD963F00A94CF0 /* Debug */,
				84A3781E1ABD963F00A94CF0 /* Release */,
			);
			defaultConfigurationIsVisible = 0;
		};
/* End XCConfigurationList section */
	};
	rootObject = 84A377EE1ABD963E00A94CF0 /* Project object */;
}
